
Microsoft Visual Studio Solution File, Format Version 12.00
# Visual Studio Version 17
VisualStudioVersion = 17.1.32210.238
MinimumVisualStudioVersion = 10.0.40219.1
Project("{FAE04EC0-301F-11D3-BF4B-00C04F79EFBC}") = "MvcTutorialLinq", "MvcTutorialLinq\MvcTutorialLinq.csproj", "{36DC9CC8-6628-4F7F-9A55-7169054DE0D5}"
EndProject
Global
	GlobalSection(SolutionConfigurationPlatforms) = preSolution
		Debug|Any CPU = Debug|Any CPU
		Release|Any CPU = Release|Any CPU
	EndGlobalSection
	GlobalSection(ProjectConfigurationPlatforms) = postSolution
		{36DC9CC8-6628-4F7F-9A55-7169054DE0D5}.Debug|Any CPU.ActiveCfg = Debug|Any CPU
		{36DC9CC8-6628-4F7F-9A55-7169054DE0D5}.Debug|Any CPU.Build.0 = Debug|Any CPU
		{36DC9CC8-6628-4F7F-9A55-7169054DE0D5}.Release|Any CPU.ActiveCfg = Release|Any CPU
		{36DC9CC8-6628-4F7F-9A55-7169054DE0D5}.Release|Any CPU.Build.0 = Release|Any CPU
	EndGlobalSection
	GlobalSection(SolutionProperties) = preSolution
		HideSolutionNode = FALSE
	EndGlobalSection
	GlobalSection(ExtensibilityGlobals) = postSolution
		SolutionGuid = {EC3D622C-8DDE-4E90-824E-B75368ED7D68}
	EndGlobalSection
EndGlobal
